
Microsoft Visual Studio Solution File, Format Version 12.00
# Visual Studio Version 17
VisualStudioVersion = 17.0.31903.59
MinimumVisualStudioVersion = 10.0.40219.1
Project("{2150E333-8FDC-42A3-9474-1A3956D46DE8}") = "src", "src", "{86D6A211-F971-409A-8415-41AE3336D526}"
EndProject
Project("{FAE04EC0-301F-11D3-BF4B-00C04F79EFBC}") = "DbRewinder", "src\DbRewinder\DbRewinder.csproj", "{F59C8712-E994-4B26-A490-ACC4AA868C15}"
EndProject
Project("{2150E333-8FDC-42A3-9474-1A3956D46DE8}") = "tests", "tests", "{302AFE12-D2D0-467B-B6BC-A95D61573A73}"
EndProject
Project("{FAE04EC0-301F-11D3-BF4B-00C04F79EFBC}") = "DbRewinderTests", "tests\DbRewinderTests\DbRewinderTests.csproj", "{94E84D06-5321-483C-A854-64CFDC5F9FC1}"
EndProject
Global
	GlobalSection(SolutionConfigurationPlatforms) = preSolution
		Debug|Any CPU = Debug|Any CPU
		Release|Any CPU = Release|Any CPU
	EndGlobalSection
	GlobalSection(SolutionProperties) = preSolution
		HideSolutionNode = FALSE
	EndGlobalSection
	GlobalSection(ProjectConfigurationPlatforms) = postSolution
		{F59C8712-E994-4B26-A490-ACC4AA868C15}.Debug|Any CPU.ActiveCfg = Debug|Any CPU
		{F59C8712-E994-4B26-A490-ACC4AA868C15}.Debug|Any CPU.Build.0 = Debug|Any CPU
		{F59C8712-E994-4B26-A490-ACC4AA868C15}.Release|Any CPU.ActiveCfg = Release|Any CPU
		{F59C8712-E994-4B26-A490-ACC4AA868C15}.Release|Any CPU.Build.0 = Release|Any CPU
		{94E84D06-5321-483C-A854-64CFDC5F9FC1}.Debug|Any CPU.ActiveCfg = Debug|Any CPU
		{94E84D06-5321-483C-A854-64CFDC5F9FC1}.Debug|Any CPU.Build.0 = Debug|Any CPU
		{94E84D06-5321-483C-A854-64CFDC5F9FC1}.Release|Any CPU.ActiveCfg = Release|Any CPU
		{94E84D06-5321-483C-A854-64CFDC5F9FC1}.Release|Any CPU.Build.0 = Release|Any CPU
	EndGlobalSection
	GlobalSection(NestedProjects) = preSolution
		{F59C8712-E994-4B26-A490-ACC4AA868C15} = {86D6A211-F971-409A-8415-41AE3336D526}
		{94E84D06-5321-483C-A854-64CFDC5F9FC1} = {302AFE12-D2D0-467B-B6BC-A95D61573A73}
	EndGlobalSection
EndGlobal
